
Microsoft Visual Studio Solution File, Format Version 12.00
# Visual Studio Version 16
VisualStudioVersion = 16.0.30413.136
MinimumVisualStudioVersion = 10.0.40219.1
Project("{FAE04EC0-301F-11D3-BF4B-00C04F79EFBC}") = "Banken", "Banken\Banken.csproj", "{73327082-9BCE-474E-A9AE-386C4F8B8761}"
EndProject
Global
	GlobalSection(SolutionConfigurationPlatforms) = preSolution
		Debug|Any CPU = Debug|Any CPU
		Release|Any CPU = Release|Any CPU
	EndGlobalSection
	GlobalSection(ProjectConfigurationPlatforms) = postSolution
		{73327082-9BCE-474E-A9AE-386C4F8B8761}.Debug|Any CPU.ActiveCfg = Debug|Any CPU
		{73327082-9BCE-474E-A9AE-386C4F8B8761}.Debug|Any CPU.Build.0 = Debug|Any CPU
		{73327082-9BCE-474E-A9AE-386C4F8B8761}.Release|Any CPU.ActiveCfg = Release|Any CPU
		{73327082-9BCE-474E-A9AE-386C4F8B8761}.Release|Any CPU.Build.0 = Release|Any CPU
	EndGlobalSection
	GlobalSection(SolutionProperties) = preSolution
		HideSolutionNode = FALSE
	EndGlobalSection
	GlobalSection(ExtensibilityGlobals) = postSolution
		SolutionGuid = {F32346B7-A49C-4D1B-9770-92419FB47ACF}
	EndGlobalSection
EndGlobal
